// !$*UTF8*$!
{
	archiveVersion = 1;
	classes = {
	};
	objectVersion = 46;
	objects = {

/* Begin PBXBuildFile section */
		DD4C4C5C1C4736F7003D22DC /* AppDelegate.swift in Sources */ = {isa = PBXBuildFile; fileRef = DD4C4C5B1C4736F7003D22DC /* AppDelegate.swift */; };
		DD4C4C5E1C4736F7003D22DC /* ViewController.swift in Sources */ = {isa = PBXBuildFile; fileRef = DD4C4C5D1C4736F7003D22DC /* ViewController.swift */; };
		DD4C4C611C4736F7003D22DC /* Main.storyboard in Resources */ = {isa = PBXBuildFile; fileRef = DD4C4C5F1C4736F7003D22DC /* Main.storyboard */; };
		DD4C4C631C4736F7003D22DC /* Images.xcassets in Resources */ = {isa = PBXBuildFile; fileRef = DD4C4C621C4736F7003D22DC /* Images.xcassets */; };
		DD4C4C661C4736F7003D22DC /* LaunchScreen.xib in Resources */ = {isa = PBXBuildFile; fileRef = DD4C4C641C4736F7003D22DC /* LaunchScreen.xib */; };
		DD4C4C721C4736F7003D22DC /* tipsTests.swift in Sources */ = {isa = PBXBuildFile; fileRef = DD4C4C711C4736F7003D22DC /* tipsTests.swift */; };
/* End PBXBuildFile section */

/* Begin PBXContainerItemProxy section */
		DD4C4C6C1C4736F7003D22DC /* PBXContainerItemProxy */ = {
			isa = PBXContainerItemProxy;
			containerPortal = DD4C4C4E1C4736F7003D22DC /* Project object */;
			proxyType = 1;
			remoteGlobalIDString = DD4C4C551C4736F7003D22DC;
			remoteInfo = tips;
		};
/* End PBXContainerItemProxy section */

/* Begin PBXFileReference section */
		DD4C4C561C4736F7003D22DC /* tips.app */ = {isa = PBXFileReference; explicitFileType = wrapper.application; includeInIndex = 0; path = tips.app; sourceTree = BUILT_PRODUCTS_DIR; };
		DD4C4C5A1C4736F7003D22DC /* Info.plist */ = {isa = PBXFileReference; lastKnownFileType = text.plist.xml; path = Info.plist; sourceTree = "<group>"; };
		DD4C4C5B1C4736F7003D22DC /* AppDelegate.swift */ = {isa = PBXFileReference; lastKnownFileType = sourcecode.swift; path = AppDelegate.swift; sourceTree = "<group>"; };
		DD4C4C5D1C4736F7003D22DC /* ViewController.swift */ = {isa = PBXFileReference; lastKnownFileType = sourcecode.swift; path = ViewController.swift; sourceTree = "<group>"; };
		DD4C4C601C4736F7003D22DC /* Base */ = {isa = PBXFileReference; lastKnownFileType = file.storyboard; name = Base; path = Base.lproj/Main.storyboard; sourceTree = "<group>"; };
		DD4C4C621C4736F7003D22DC /* Images.xcassets */ = {isa = PBXFileReference; lastKnownFileType = folder.assetcatalog; path = Images.xcassets; sourceTree = "<group>"; };
		DD4C4C651C4736F7003D22DC /* Base */ = {isa = PBXFileReference; lastKnownFileType = file.xib; name = Base; path = Base.lproj/LaunchScreen.xib; sourceTree = "<group>"; };
		DD4C4C6B1C4736F7003D22DC /* tipsTests.xctest */ = {isa = PBXFileReference; explicitFileType = wrapper.cfbundle; includeInIndex = 0; path = tipsTests.xctest; sourceTree = BUILT_PRODUCTS_DIR; };
		DD4C4C701C4736F7003D22DC /* Info.plist */ = {isa = PBXFileReference; lastKnownFileType = text.plist.xml; path = Info.plist; sourceTree = "<group>"; };
		DD4C4C711C4736F7003D22DC /* tipsTests.swift */ = {isa = PBXFileReference; lastKnownFileType = sourcecode.swift; path = tipsTests.swift; sourceTree = "<group>"; };
/* End PBXFileReference section */

/* Begin PBXFrameworksBuildPhase section */
		DD4C4C531C4736F7003D22DC /* Frameworks */ = {
			isa = PBXFrameworksBuildPhase;
			buildActionMask = 2147483647;
			files = (
			);
			runOnlyForDeploymentPostprocessing = 0;
		};
		DD4C4C681C4736F7003D22DC /* Frameworks */ = {
			isa = PBXFrameworksBuildPhase;
			buildActionMask = 2147483647;
			files = (
			);
			runOnlyForDeploymentPostprocessing = 0;
		};
/* End PBXFrameworksBuildPhase section */

/* Begin PBXGroup section */
		DD4C4C4D1C4736F7003D22DC = {
			isa = PBXGroup;
			children = (
				DD4C4C581C4736F7003D22DC /* tips */,
				DD4C4C6E1C4736F7003D22DC /* tipsTests */,
				DD4C4C571C4736F7003D22DC /* Products */,
			);
			sourceTree = "<group>";
		};
		DD4C4C571C4736F7003D22DC /* Products */ = {
			isa = PBXGroup;
			children = (
				DD4C4C561C4736F7003D22DC /* tips.app */,
				DD4C4C6B1C4736F7003D22DC /* tipsTests.xctest */,
			);
			name = Products;
			sourceTree = "<group>";
		};
		DD4C4C581C4736F7003D22DC /* tips */ = {
			isa = PBXGroup;
			children = (
				DD4C4C5B1C4736F7003D22DC /* AppDelegate.swift */,
				DD4C4C5D1C4736F7003D22DC /* ViewController.swift */,
				DD4C4C5F1C4736F7003D22DC /* Main.storyboard */,
				DD4C4C621C4736F7003D22DC /* Images.xcassets */,
				DD4C4C641C4736F7003D22DC /* LaunchScreen.xib */,
				DD4C4C591C4736F7003D22DC /* Supporting Files */,
			);
			path = tips;
			sourceTree = "<group>";
		};
		DD4C4C591C4736F7003D22DC /* Supporting Files */ = {
			isa = PBXGroup;
			children = (
				DD4C4C5A1C4736F7003D22DC /* Info.plist */,
			);
			name = "Supporting Files";
			sourceTree = "<group>";
		};
		DD4C4C6E1C4736F7003D22DC /* tipsTests */ = {
			isa = PBXGroup;
			children = (
				DD4C4C711C4736F7003D22DC /* tipsTests.swift */,
				DD4C4C6F1C4736F7003D22DC /* Supporting Files */,
			);
			path = tipsTests;
			sourceTree = "<group>";
		};
		DD4C4C6F1C4736F7003D22DC /* Supporting Files */ = {
			isa = PBXGroup;
			children = (
				DD4C4C701C4736F7003D22DC /* Info.plist */,
			);
			name = "Supporting Files";
			sourceTree = "<group>";
		};
/* End PBXGroup section */

/* Begin PBXNativeTarget section */
		DD4C4C551C4736F7003D22DC /* tips */ = {
			isa = PBXNativeTarget;
			buildConfigurationList = DD4C4C751C4736F7003D22DC /* Build configuration list for PBXNativeTarget "tips" */;
			buildPhases = (
				DD4C4C521C4736F7003D22DC /* Sources */,
				DD4C4C531C4736F7003D22DC /* Frameworks */,
				DD4C4C541C4736F7003D22DC /* Resources */,
			);
			buildRules = (
			);
			dependencies = (
			);
			name = tips;
			productName = tips;
			productReference = DD4C4C561C4736F7003D22DC /* tips.app */;
			productType = "com.apple.product-type.application";
		};
		DD4C4C6A1C4736F7003D22DC /* tipsTests */ = {
			isa = PBXNativeTarget;
			buildConfigurationList = DD4C4C781C4736F7003D22DC /* Build configuration list for PBXNativeTarget "tipsTests" */;
			buildPhases = (
				DD4C4C671C4736F7003D22DC /* Sources */,
				DD4C4C681C4736F7003D22DC /* Frameworks */,
				DD4C4C691C4736F7003D22DC /* Resources */,
			);
			buildRules = (
			);
			dependencies = (
				DD4C4C6D1C4736F7003D22DC /* PBXTargetDependency */,
			);
			name = tipsTests;
			productName = tipsTests;
			productReference = DD4C4C6B1C4736F7003D22DC /* tipsTests.xctest */;
			productType = "com.apple.product-type.bundle.unit-test";
		};
/* End PBXNativeTarget section */

/* Begin PBXProject section */
		DD4C4C4E1C4736F7003D22DC /* Project object */ = {
			isa = PBXProject;
			attributes = {
				LastUpgradeCheck = 0610;
				ORGANIZATIONNAME = codepath;
				TargetAttributes = {
					DD4C4C551C4736F7003D22DC = {
						CreatedOnToolsVersion = 6.1;
					};
					DD4C4C6A1C4736F7003D22DC = {
						CreatedOnToolsVersion = 6.1;
						TestTargetID = DD4C4C551C4736F7003D22DC;
					};
				};
			};
			buildConfigurationList = DD4C4C511C4736F7003D22DC /* Build configuration list for PBXProject "tips" */;
			compatibilityVersion = "Xcode 3.2";
			developmentRegion = English;
			hasScannedForEncodings = 0;
			knownRegions = (
				en,
				Base,
			);
			mainGroup = DD4C4C4D1C4736F7003D22DC;
			productRefGroup = DD4C4C571C4736F7003D22DC /* Products */;
			projectDirPath = "";
			projectRoot = "";
			targets = (
				DD4C4C551C4736F7003D22DC /* tips */,
				DD4C4C6A1C4736F7003D22DC /* tipsTests */,
			);
		};
/* End PBXProject section */

/* Begin PBXResourcesBuildPhase section */
		DD4C4C541C4736F7003D22DC /* Resources */ = {
			isa = PBXResourcesBuildPhase;
			buildActionMask = 2147483647;
			files = (
				DD4C4C611C4736F7003D22DC /* Main.storyboard in Resources */,
				DD4C4C661C4736F7003D22DC /* LaunchScreen.xib in Resources */,
				DD4C4C631C4736F7003D22DC /* Images.xcassets in Resources */,
			);
			runOnlyForDeploymentPostprocessing = 0;
		};
		DD4C4C691C4736F7003D22DC /* Resources */ = {
			isa = PBXResourcesBuildPhase;
			buildActionMask = 2147483647;
			files = (
			);
			runOnlyForDeploymentPostprocessing = 0;
		};
/* End PBXResourcesBuildPhase section */

/* Begin PBXSourcesBuildPhase section */
		DD4C4C521C4736F7003D22DC /* Sources */ = {
			isa = PBXSourcesBuildPhase;
			buildActionMask = 2147483647;
			files = (
				DD4C4C5E1C4736F7003D22DC /* ViewController.swift in Sources */,
				DD4C4C5C1C4736F7003D22DC /* AppDelegate.swift in Sources */,
			);
			runOnlyForDeploymentPostprocessing = 0;
		};
		DD4C4C671C4736F7003D22DC /* Sources */ = {
			isa = PBXSourcesBuildPhase;
			buildActionMask = 2147483647;
			files = (
				DD4C4C721C4736F7003D22DC /* tipsTests.swift in Sources */,
			);
			runOnlyForDeploymentPostprocessing = 0;
		};
/* End PBXSourcesBuildPhase section */

/* Begin PBXTargetDependency section */
		DD4C4C6D1C4736F7003D22DC /* PBXTargetDependency */ = {
			isa = PBXTargetDependency;
			target = DD4C4C551C4736F7003D22DC /* tips */;
			targetProxy = DD4C4C6C1C4736F7003D22DC /* PBXContainerItemProxy */;
		};
/* End PBXTargetDependency section */

/* Begin PBXVariantGroup section */
		DD4C4C5F1C4736F7003D22DC /* Main.storyboard */ = {
			isa = PBXVariantGroup;
			children = (
				DD4C4C601C4736F7003D22DC /* Base */,
			);
			name = Main.storyboard;
			sourceTree = "<group>";
		};
		DD4C4C641C4736F7003D22DC /* LaunchScreen.xib */ = {
			isa = PBXVariantGroup;
			children = (
				DD4C4C651C4736F7003D22DC /* Base */,
			);
			name = LaunchScreen.xib;
			sourceTree = "<group>";
		};
/* End PBXVariantGroup section */

/* Begin XCBuildConfiguration section */
		DD4C4C731C4736F7003D22DC /* Debug */ = {
			isa = XCBuildConfiguration;
			buildSettings = {
				ALWAYS_SEARCH_USER_PATHS = NO;
				CLANG_CXX_LANGUAGE_STANDARD = "gnu++0x";
				CLANG_CXX_LIBRARY = "libc++";
				CLANG_ENABLE_MODULES = YES;
				CLANG_ENABLE_OBJC_ARC = YES;
				CLANG_WARN_BOOL_CONVERSION = YES;
				CLANG_WARN_CONSTANT_CONVERSION = YES;
				CLANG_WARN_DIRECT_OBJC_ISA_USAGE = YES_ERROR;
				CLANG_WARN_EMPTY_BODY = YES;
				CLANG_WARN_ENUM_CONVERSION = YES;
				CLANG_WARN_INT_CONVERSION = YES;
				CLANG_WARN_OBJC_ROOT_CLASS = YES_ERROR;
				CLANG_WARN_UNREACHABLE_CODE = YES;
				CLANG_WARN__DUPLICATE_METHOD_MATCH = YES;
				"CODE_SIGN_IDENTITY[sdk=iphoneos*]" = "iPhone Developer";
				COPY_PHASE_STRIP = NO;
				ENABLE_STRICT_OBJC_MSGSEND = YES;
				GCC_C_LANGUAGE_STANDARD = gnu99;
				GCC_DYNAMIC_NO_PIC = NO;
				GCC_OPTIMIZATION_LEVEL = 0;
				GCC_PREPROCESSOR_DEFINITIONS = (
					"DEBUG=1",
					"$(inherited)",
				);
				GCC_SYMBOLS_PRIVATE_EXTERN = NO;
				GCC_WARN_64_TO_32_BIT_CONVERSION = YES;
				GCC_WARN_ABOUT_RETURN_TYPE = YES_ERROR;
				GCC_WARN_UNDECLARED_SELECTOR = YES;
				GCC_WARN_UNINITIALIZED_AUTOS = YES_AGGRESSIVE;
				GCC_WARN_UNUSED_FUNCTION = YES;
				GCC_WARN_UNUSED_VARIABLE = YES;
				IPHONEOS_DEPLOYMENT_TARGET = 8.1;
				MTL_ENABLE_DEBUG_INFO = YES;
				ONLY_ACTIVE_ARCH = YES;
				SDKROOT = iphoneos;
				SWIFT_OPTIMIZATION_LEVEL = "-Onone";
			};
			name = Debug;
		};
		DD4C4C741C4736F7003D22DC /* Release */ = {
			isa = XCBuildConfiguration;
			buildSettings = {
				ALWAYS_SEARCH_USER_PATHS = NO;
				CLANG_CXX_LANGUAGE_STANDARD = "gnu++0x";
				CLANG_CXX_LIBRARY = "libc++";
				CLANG_ENABLE_MODULES = YES;
				CLANG_ENABLE_OBJC_ARC = YES;
				CLANG_WARN_BOOL_CONVERSION = YES;
				CLANG_WARN_CONSTANT_CONVERSION = YES;
				CLANG_WARN_DIRECT_OBJC_ISA_USAGE = YES_ERROR;
				CLANG_WARN_EMPTY_BODY = YES;
				CLANG_WARN_ENUM_CONVERSION = YES;
				CLANG_WARN_INT_CONVERSION = YES;
				CLANG_WARN_OBJC_ROOT_CLASS = YES_ERROR;
				CLANG_WARN_UNREACHABLE_CODE = YES;
				CLANG_WARN__DUPLICATE_METHOD_MATCH = YES;
				"CODE_SIGN_IDENTITY[sdk=iphoneos*]" = "iPhone Developer";
				COPY_PHASE_STRIP = YES;
				ENABLE_NS_ASSERTIONS = NO;
				ENABLE_STRICT_OBJC_MSGSEND = YES;
				GCC_C_LANGUAGE_STANDARD = gnu99;
				GCC_WARN_64_TO_32_BIT_CONVERSION = YES;
				GCC_WARN_ABOUT_RETURN_TYPE = YES_ERROR;
				GCC_WARN_UNDECLARED_SELECTOR = YES;
				GCC_WARN_UNINITIALIZED_AUTOS = YES_AGGRESSIVE;
				GCC_WARN_UNUSED_FUNCTION = YES;
				GCC_WARN_UNUSED_VARIABLE = YES;
				IPHONEOS_DEPLOYMENT_TARGET = 8.1;
				MTL_ENABLE_DEBUG_INFO = NO;
				SDKROOT = iphoneos;
				VALIDATE_PRODUCT = YES;
			};
			name = Release;
		};
		DD4C4C761C4736F7003D22DC /* Debug */ = {
			isa = XCBuildConfiguration;
			buildSettings = {
				ASSETCATALOG_COMPILER_APPICON_NAME = AppIcon;
				INFOPLIST_FILE = tips/Info.plist;
				IPHONEOS_DEPLOYMENT_TARGET = 7.0;
				LD_RUNPATH_SEARCH_PATHS = "$(inherited) @executable_path/Frameworks";
				PRODUCT_NAME = "$(TARGET_NAME)";
			};
			name = Debug;
		};
		DD4C4C771C4736F7003D22DC /* Release */ = {
			isa = XCBuildConfiguration;
			buildSettings = {
				ASSETCATALOG_COMPILER_APPICON_NAME = AppIcon;
				INFOPLIST_FILE = tips/Info.plist;
				IPHONEOS_DEPLOYMENT_TARGET = 7.0;
				LD_RUNPATH_SEARCH_PATHS = "$(inherited) @executable_path/Frameworks";
				PRODUCT_NAME = "$(TARGET_NAME)";
			};
			name = Release;
		};
		DD4C4C791C4736F7003D22DC /* Debug */ = {
			isa = XCBuildConfiguration;
			buildSettings = {
				BUNDLE_LOADER = "$(TEST_HOST)";
				FRAMEWORK_SEARCH_PATHS = (
					"$(SDKROOT)/Developer/Library/Frameworks",
					"$(inherited)",
				);
				GCC_PREPROCESSOR_DEFINITIONS = (
					"DEBUG=1",
					"$(inherited)",
				);
				INFOPLIST_FILE = tipsTests/Info.plist;
				LD_RUNPATH_SEARCH_PATHS = "$(inherited) @executable_path/Frameworks @loader_path/Frameworks";
				PRODUCT_NAME = "$(TARGET_NAME)";
				TEST_HOST = "$(BUILT_PRODUCTS_DIR)/tips.app/tips";
			};
			name = Debug;
		};
		DD4C4C7A1C4736F7003D22DC /* Release */ = {
			isa = XCBuildConfiguration;
			buildSettings = {
				BUNDLE_LOADER = "$(TEST_HOST)";
				FRAMEWORK_SEARCH_PATHS = (
					"$(SDKROOT)/Developer/Library/Frameworks",
					"$(inherited)",
				);
				INFOPLIST_FILE = tipsTests/Info.plist;
				LD_RUNPATH_SEARCH_PATHS = "$(inherited) @executable_path/Frameworks @loader_path/Frameworks";
				PRODUCT_NAME = "$(TARGET_NAME)";
				TEST_HOST = "$(BUILT_PRODUCTS_DIR)/tips.app/tips";
			};
			name = Release;
		};
/* End XCBuildConfiguration section */

/* Begin XCConfigurationList section */
		DD4C4C511C4736F7003D22DC /* Build configuration list for PBXProject "tips" */ = {
			isa = XCConfigurationList;
			buildConfigurations = (
				DD4C4C731C4736F7003D22DC /* Debug */,
				DD4C4C741C4736F7003D22DC /* Release */,
			);
			defaultConfigurationIsVisible = 0;
			defaultConfigurationName = Release;
		};
		DD4C4C751C4736F7003D22DC /* Build configuration list for PBXNativeTarget "tips" */ = {
			isa = XCConfigurationList;
			buildConfigurations = (
				DD4C4C761C4736F7003D22DC /* Debug */,
				DD4C4C771C4736F7003D22DC /* Release */,
			);
			defaultConfigurationIsVisible = 0;
		};
		DD4C4C781C4736F7003D22DC /* Build configuration list for PBXNativeTarget "tipsTests" */ = {
			isa = XCConfigurationList;
			buildConfigurations = (
				DD4C4C791C4736F7003D22DC /* Debug */,
				DD4C4C7A1C4736F7003D22DC /* Release */,
			);
			defaultConfigurationIsVisible = 0;
		};
/* End XCConfigurationList section */
	};
	rootObject = DD4C4C4E1C4736F7003D22DC /* Project object */;
}
